
Microsoft Visual Studio Solution File, Format Version 12.00
# Visual Studio Version 17
VisualStudioVersion = 17.4.33110.190
MinimumVisualStudioVersion = 10.0.40219.1
Project("{F184B08F-C81C-45F6-A57F-5ABD9991F28F}") = "SortingNumberswithFileProcessingandLINQ", "SortingNumberswithFileProcessingandLINQ\SortingNumberswithFileProcessingandLINQ.vbproj", "{DC36E621-3F65-418A-A125-E6CD76CFF781}"
EndProject
Global
	GlobalSection(SolutionConfigurationPlatforms) = preSolution
		Debug|Any CPU = Debug|Any CPU
		Release|Any CPU = Release|Any CPU
	EndGlobalSection
	GlobalSection(ProjectConfigurationPlatforms) = postSolution
		{DC36E621-3F65-418A-A125-E6CD76CFF781}.Debug|Any CPU.ActiveCfg = Debug|Any CPU
		{DC36E621-3F65-418A-A125-E6CD76CFF781}.Debug|Any CPU.Build.0 = Debug|Any CPU
		{DC36E621-3F65-418A-A125-E6CD76CFF781}.Release|Any CPU.ActiveCfg = Release|Any CPU
		{DC36E621-3F65-418A-A125-E6CD76CFF781}.Release|Any CPU.Build.0 = Release|Any CPU
	EndGlobalSection
	GlobalSection(SolutionProperties) = preSolution
		HideSolutionNode = FALSE
	EndGlobalSection
	GlobalSection(ExtensibilityGlobals) = postSolution
		SolutionGuid = {9759735F-1133-47AB-B7EE-8EE518FFA8FF}
	EndGlobalSection
EndGlobal
